
Microsoft Visual Studio Solution File, Format Version 12.00
# Visual Studio Version 17
VisualStudioVersion = 17.8.34525.116
MinimumVisualStudioVersion = 10.0.40219.1
Project("{FAE04EC0-301F-11D3-BF4B-00C04F79EFBC}") = "RealStateVillaBooking", "RealStateVillaBooking\RealStateVillaBooking.csproj", "{80868272-932F-422D-8388-2123475C045F}"
EndProject
Global
	GlobalSection(SolutionConfigurationPlatforms) = preSolution
		Debug|Any CPU = Debug|Any CPU
		Release|Any CPU = Release|Any CPU
	EndGlobalSection
	GlobalSection(ProjectConfigurationPlatforms) = postSolution
		{80868272-932F-422D-8388-2123475C045F}.Debug|Any CPU.ActiveCfg = Debug|Any CPU
		{80868272-932F-422D-8388-2123475C045F}.Debug|Any CPU.Build.0 = Debug|Any CPU
		{80868272-932F-422D-8388-2123475C045F}.Release|Any CPU.ActiveCfg = Release|Any CPU
		{80868272-932F-422D-8388-2123475C045F}.Release|Any CPU.Build.0 = Release|Any CPU
	EndGlobalSection
	GlobalSection(SolutionProperties) = preSolution
		HideSolutionNode = FALSE
	EndGlobalSection
	GlobalSection(ExtensibilityGlobals) = postSolution
		SolutionGuid = {E4EE4E07-477A-4543-AFDF-83BAD84F5A4E}
	EndGlobalSection
EndGlobal
